// !$*UTF8*$!
{
	archiveVersion = 1;
	classes = {
	};
	objectVersion = 56;
	objects = {

/* Begin PBXBuildFile section */
		80B6ED1F2D81191E0023B46E /* LoginExampleApp.swift in Sources */ = {isa = PBXBuildFile; fileRef = 80B6ED1E2D81191E0023B46E /* LoginExampleApp.swift */; };
		80B6ED212D81191E0023B46E /* ContentView.swift in Sources */ = {isa = PBXBuildFile; fileRef = 80B6ED202D81191E0023B46E /* ContentView.swift */; };
		80B6ED232D81191F0023B46E /* Assets.xcassets in Resources */ = {isa = PBXBuildFile; fileRef = 80B6ED222D81191F0023B46E /* Assets.xcassets */; };
		80B6ED262D81191F0023B46E /* Preview Assets.xcassets in Resources */ = {isa = PBXBuildFile; fileRef = 80B6ED252D81191F0023B46E /* Preview Assets.xcassets */; };
		80B6ED2D2D81194F0023B46E /* sun.mp4 in Resources */ = {isa = PBXBuildFile; fileRef = 80B6ED2C2D81194F0023B46E /* sun.mp4 */; };
		80B6ED312D8119750023B46E /* LoopingUI.swift in Sources */ = {isa = PBXBuildFile; fileRef = 80B6ED302D8119750023B46E /* LoopingUI.swift */; };
		80B6ED332D8119840023B46E /* AppleAuth.swift in Sources */ = {isa = PBXBuildFile; fileRef = 80B6ED322D8119840023B46E /* AppleAuth.swift */; };
		80B6ED352D81198D0023B46E /* GoogleAuth.swift in Sources */ = {isa = PBXBuildFile; fileRef = 80B6ED342D81198D0023B46E /* GoogleAuth.swift */; };
		80B6ED372D81199D0023B46E /* SignInPageView.swift in Sources */ = {isa = PBXBuildFile; fileRef = 80B6ED362D81199D0023B46E /* SignInPageView.swift */; };
		80B6ED492D8216C20023B46E /* FirebaseAnalytics in Frameworks */ = {isa = PBXBuildFile; productRef = 80B6ED482D8216C20023B46E /* FirebaseAnalytics */; };
		80B6ED4B2D8216C20023B46E /* FirebaseAnalyticsOnDeviceConversion in Frameworks */ = {isa = PBXBuildFile; productRef = 80B6ED4A2D8216C20023B46E /* FirebaseAnalyticsOnDeviceConversion */; };
		80B6ED4D2D8216C20023B46E /* FirebaseAnalyticsWithoutAdIdSupport in Frameworks */ = {isa = PBXBuildFile; productRef = 80B6ED4C2D8216C20023B46E /* FirebaseAnalyticsWithoutAdIdSupport */; };
		80B6ED4F2D8216C20023B46E /* FirebaseAppCheck in Frameworks */ = {isa = PBXBuildFile; productRef = 80B6ED4E2D8216C20023B46E /* FirebaseAppCheck */; };
		80B6ED512D8216C20023B46E /* FirebaseAppDistribution-Beta in Frameworks */ = {isa = PBXBuildFile; productRef = 80B6ED502D8216C20023B46E /* FirebaseAppDistribution-Beta */; };
		80B6ED542D8218CA0023B46E /* GoogleSignIn in Frameworks */ = {isa = PBXBuildFile; productRef = 80B6ED532D8218CA0023B46E /* GoogleSignIn */; };
		80B6ED562D8218CA0023B46E /* GoogleSignInSwift in Frameworks */ = {isa = PBXBuildFile; productRef = 80B6ED552D8218CA0023B46E /* GoogleSignInSwift */; };
		80B6ED582D8218D70023B46E /* FirebaseAuth in Frameworks */ = {isa = PBXBuildFile; productRef = 80B6ED572D8218D70023B46E /* FirebaseAuth */; };
/* End PBXBuildFile section */

/* Begin PBXFileReference section */
		80B6ED1B2D81191E0023B46E /* LoginExample.app */ = {isa = PBXFileReference; explicitFileType = wrapper.application; includeInIndex = 0; path = LoginExample.app; sourceTree = BUILT_PRODUCTS_DIR; };
		80B6ED1E2D81191E0023B46E /* LoginExampleApp.swift */ = {isa = PBXFileReference; lastKnownFileType = sourcecode.swift; path = LoginExampleApp.swift; sourceTree = "<group>"; };
		80B6ED202D81191E0023B46E /* ContentView.swift */ = {isa = PBXFileReference; lastKnownFileType = sourcecode.swift; path = ContentView.swift; sourceTree = "<group>"; };
		80B6ED222D81191F0023B46E /* Assets.xcassets */ = {isa = PBXFileReference; lastKnownFileType = folder.assetcatalog; path = Assets.xcassets; sourceTree = "<group>"; };
		80B6ED252D81191F0023B46E /* Preview Assets.xcassets */ = {isa = PBXFileReference; lastKnownFileType = folder.assetcatalog; path = "Preview Assets.xcassets"; sourceTree = "<group>"; };
		80B6ED2C2D81194F0023B46E /* sun.mp4 */ = {isa = PBXFileReference; lastKnownFileType = file; path = sun.mp4; sourceTree = "<group>"; };
		80B6ED302D8119750023B46E /* LoopingUI.swift */ = {isa = PBXFileReference; lastKnownFileType = sourcecode.swift; path = LoopingUI.swift; sourceTree = "<group>"; };
		80B6ED322D8119840023B46E /* AppleAuth.swift */ = {isa = PBXFileReference; lastKnownFileType = sourcecode.swift; path = AppleAuth.swift; sourceTree = "<group>"; };
		80B6ED342D81198D0023B46E /* GoogleAuth.swift */ = {isa = PBXFileReference; lastKnownFileType = sourcecode.swift; path = GoogleAuth.swift; sourceTree = "<group>"; };
		80B6ED362D81199D0023B46E /* SignInPageView.swift */ = {isa = PBXFileReference; lastKnownFileType = sourcecode.swift; path = SignInPageView.swift; sourceTree = "<group>"; };
		80B6ED472D82120D0023B46E /* LoginExample.entitlements */ = {isa = PBXFileReference; fileEncoding = 4; lastKnownFileType = text.plist.entitlements; path = LoginExample.entitlements; sourceTree = SOURCE_ROOT; };
		80B6ED5F2D8267CE0023B46E /* Info.plist */ = {isa = PBXFileReference; lastKnownFileType = text.plist; path = Info.plist; sourceTree = "<group>"; };
/* End PBXFileReference section */

/* Begin PBXFrameworksBuildPhase section */
		80B6ED182D81191E0023B46E /* Frameworks */ = {
			isa = PBXFrameworksBuildPhase;
			buildActionMask = 2147483647;
			files = (
				80B6ED4F2D8216C20023B46E /* FirebaseAppCheck in Frameworks */,
				80B6ED492D8216C20023B46E /* FirebaseAnalytics in Frameworks */,
				80B6ED562D8218CA0023B46E /* GoogleSignInSwift in Frameworks */,
				80B6ED512D8216C20023B46E /* FirebaseAppDistribution-Beta in Frameworks */,
				80B6ED4D2D8216C20023B46E /* FirebaseAnalyticsWithoutAdIdSupport in Frameworks */,
				80B6ED4B2D8216C20023B46E /* FirebaseAnalyticsOnDeviceConversion in Frameworks */,
				80B6ED542D8218CA0023B46E /* GoogleSignIn in Frameworks */,
				80B6ED582D8218D70023B46E /* FirebaseAuth in Frameworks */,
			);
			runOnlyForDeploymentPostprocessing = 0;
		};
/* End PBXFrameworksBuildPhase section */

/* Begin PBXGroup section */
		80B6ED122D81191E0023B46E = {
			isa = PBXGroup;
			children = (
				80B6ED1D2D81191E0023B46E /* LoginExample */,
				80B6ED1C2D81191E0023B46E /* Products */,
				80B6ED432D820F3A0023B46E /* Frameworks */,
			);
			sourceTree = "<group>";
		};
		80B6ED1C2D81191E0023B46E /* Products */ = {
			isa = PBXGroup;
			children = (
				80B6ED1B2D81191E0023B46E /* LoginExample.app */,
			);
			name = Products;
			sourceTree = "<group>";
		};
		80B6ED1D2D81191E0023B46E /* LoginExample */ = {
			isa = PBXGroup;
			children = (
				80B6ED5F2D8267CE0023B46E /* Info.plist */,
				80B6ED472D82120D0023B46E /* LoginExample.entitlements */,
				80B6ED1E2D81191E0023B46E /* LoginExampleApp.swift */,
				80B6ED202D81191E0023B46E /* ContentView.swift */,
				80B6ED2F2D8119640023B46E /* SignInPage */,
				80B6ED2E2D81195E0023B46E /* LoopingUI */,
				80B6ED222D81191F0023B46E /* Assets.xcassets */,
				80B6ED2C2D81194F0023B46E /* sun.mp4 */,
				80B6ED242D81191F0023B46E /* Preview Content */,
			);
			path = LoginExample;
			sourceTree = "<group>";
		};
		80B6ED242D81191F0023B46E /* Preview Content */ = {
			isa = PBXGroup;
			children = (
				80B6ED252D81191F0023B46E /* Preview Assets.xcassets */,
			);
			path = "Preview Content";
			sourceTree = "<group>";
		};
		80B6ED2E2D81195E0023B46E /* LoopingUI */ = {
			isa = PBXGroup;
			children = (
				80B6ED302D8119750023B46E /* LoopingUI.swift */,
			);
			path = LoopingUI;
			sourceTree = "<group>";
		};
		80B6ED2F2D8119640023B46E /* SignInPage */ = {
			isa = PBXGroup;
			children = (
				80B6ED322D8119840023B46E /* AppleAuth.swift */,
				80B6ED342D81198D0023B46E /* GoogleAuth.swift */,
				80B6ED362D81199D0023B46E /* SignInPageView.swift */,
			);
			path = SignInPage;
			sourceTree = "<group>";
		};
		80B6ED432D820F3A0023B46E /* Frameworks */ = {
			isa = PBXGroup;
			children = (
			);
			name = Frameworks;
			sourceTree = "<group>";
		};
/* End PBXGroup section */

/* Begin PBXNativeTarget section */
		80B6ED1A2D81191E0023B46E /* LoginExample */ = {
			isa = PBXNativeTarget;
			buildConfigurationList = 80B6ED292D81191F0023B46E /* Build configuration list for PBXNativeTarget "LoginExample" */;
			buildPhases = (
				80B6ED172D81191E0023B46E /* Sources */,
				80B6ED182D81191E0023B46E /* Frameworks */,
				80B6ED192D81191E0023B46E /* Resources */,
			);
			buildRules = (
			);
			dependencies = (
			);
			name = LoginExample;
			packageProductDependencies = (
				80B6ED482D8216C20023B46E /* FirebaseAnalytics */,
				80B6ED4A2D8216C20023B46E /* FirebaseAnalyticsOnDeviceConversion */,
				80B6ED4C2D8216C20023B46E /* FirebaseAnalyticsWithoutAdIdSupport */,
				80B6ED4E2D8216C20023B46E /* FirebaseAppCheck */,
				80B6ED502D8216C20023B46E /* FirebaseAppDistribution-Beta */,
				80B6ED532D8218CA0023B46E /* GoogleSignIn */,
				80B6ED552D8218CA0023B46E /* GoogleSignInSwift */,
				80B6ED572D8218D70023B46E /* FirebaseAuth */,
			);
			productName = LoginExample;
			productReference = 80B6ED1B2D81191E0023B46E /* LoginExample.app */;
			productType = "com.apple.product-type.application";
		};
/* End PBXNativeTarget section */

/* Begin PBXProject section */
		80B6ED132D81191E0023B46E /* Project object */ = {
			isa = PBXProject;
			attributes = {
				BuildIndependentTargetsInParallel = 1;
				LastSwiftUpdateCheck = 1500;
				LastUpgradeCheck = 1500;
				TargetAttributes = {
					80B6ED1A2D81191E0023B46E = {
						CreatedOnToolsVersion = 15.0.1;
					};
				};
			};
			buildConfigurationList = 80B6ED162D81191E0023B46E /* Build configuration list for PBXProject "LoginExample" */;
			compatibilityVersion = "Xcode 14.0";
			developmentRegion = en;
			hasScannedForEncodings = 0;
			knownRegions = (
				en,
				Base,
			);
			mainGroup = 80B6ED122D81191E0023B46E;
			packageReferences = (
				80B6ED382D820F2C0023B46E /* XCRemoteSwiftPackageReference "firebase-ios-sdk" */,
				80B6ED522D8218CA0023B46E /* XCRemoteSwiftPackageReference "GoogleSignIn-iOS" */,
			);
			productRefGroup = 80B6ED1C2D81191E0023B46E /* Products */;
			projectDirPath = "";
			projectRoot = "";
			targets = (
				80B6ED1A2D81191E0023B46E /* LoginExample */,
			);
		};
/* End PBXProject section */

/* Begin PBXResourcesBuildPhase section */
		80B6ED192D81191E0023B46E /* Resources */ = {
			isa = PBXResourcesBuildPhase;
			buildActionMask = 2147483647;
			files = (
				80B6ED2D2D81194F0023B46E /* sun.mp4 in Resources */,
				80B6ED262D81191F0023B46E /* Preview Assets.xcassets in Resources */,
				80B6ED232D81191F0023B46E /* Assets.xcassets in Resources */,
			);
			runOnlyForDeploymentPostprocessing = 0;
		};
/* End PBXResourcesBuildPhase section */

/* Begin PBXSourcesBuildPhase section */
		80B6ED172D81191E0023B46E /* Sources */ = {
			isa = PBXSourcesBuildPhase;
			buildActionMask = 2147483647;
			files = (
				80B6ED352D81198D0023B46E /* GoogleAuth.swift in Sources */,
				80B6ED312D8119750023B46E /* LoopingUI.swift in Sources */,
				80B6ED212D81191E0023B46E /* ContentView.swift in Sources */,
				80B6ED332D8119840023B46E /* AppleAuth.swift in Sources */,
				80B6ED1F2D81191E0023B46E /* LoginExampleApp.swift in Sources */,
				80B6ED372D81199D0023B46E /* SignInPageView.swift in Sources */,
			);
			runOnlyForDeploymentPostprocessing = 0;
		};
/* End PBXSourcesBuildPhase section */

/* Begin XCBuildConfiguration section */
		80B6ED272D81191F0023B46E /* Debug */ = {
			isa = XCBuildConfiguration;
			buildSettings = {
				ALWAYS_SEARCH_USER_PATHS = NO;
				ASSETCATALOG_COMPILER_GENERATE_SWIFT_ASSET_SYMBOL_EXTENSIONS = YES;
				CLANG_ANALYZER_NONNULL = YES;
				CLANG_ANALYZER_NUMBER_OBJECT_CONVERSION = YES_AGGRESSIVE;
				CLANG_CXX_LANGUAGE_STANDARD = "gnu++20";
				CLANG_ENABLE_MODULES = YES;
				CLANG_ENABLE_OBJC_ARC = YES;
				CLANG_ENABLE_OBJC_WEAK = YES;
				CLANG_WARN_BLOCK_CAPTURE_AUTORELEASING = YES;
				CLANG_WARN_BOOL_CONVERSION = YES;
				CLANG_WARN_COMMA = YES;
				CLANG_WARN_CONSTANT_CONVERSION = YES;
				CLANG_WARN_DEPRECATED_OBJC_IMPLEMENTATIONS = YES;
				CLANG_WARN_DIRECT_OBJC_ISA_USAGE = YES_ERROR;
				CLANG_WARN_DOCUMENTATION_COMMENTS = YES;
				CLANG_WARN_EMPTY_BODY = YES;
				CLANG_WARN_ENUM_CONVERSION = YES;
				CLANG_WARN_INFINITE_RECURSION = YES;
				CLANG_WARN_INT_CONVERSION = YES;
				CLANG_WARN_NON_LITERAL_NULL_CONVERSION = YES;
				CLANG_WARN_OBJC_IMPLICIT_RETAIN_SELF = YES;
				CLANG_WARN_OBJC_LITERAL_CONVERSION = YES;
				CLANG_WARN_OBJC_ROOT_CLASS = YES_ERROR;
				CLANG_WARN_QUOTED_INCLUDE_IN_FRAMEWORK_HEADER = YES;
				CLANG_WARN_RANGE_LOOP_ANALYSIS = YES;
				CLANG_WARN_STRICT_PROTOTYPES = YES;
				CLANG_WARN_SUSPICIOUS_MOVE = YES;
				CLANG_WARN_UNGUARDED_AVAILABILITY = YES_AGGRESSIVE;
				CLANG_WARN_UNREACHABLE_CODE = YES;
				CLANG_WARN__DUPLICATE_METHOD_MATCH = YES;
				COPY_PHASE_STRIP = NO;
				DEBUG_INFORMATION_FORMAT = dwarf;
				ENABLE_STRICT_OBJC_MSGSEND = YES;
				ENABLE_TESTABILITY = YES;
				ENABLE_USER_SCRIPT_SANDBOXING = YES;
				GCC_C_LANGUAGE_STANDARD = gnu17;
				GCC_DYNAMIC_NO_PIC = NO;
				GCC_NO_COMMON_BLOCKS = YES;
				GCC_OPTIMIZATION_LEVEL = 0;
				GCC_PREPROCESSOR_DEFINITIONS = (
					"DEBUG=1",
					"$(inherited)",
				);
				GCC_WARN_64_TO_32_BIT_CONVERSION = YES;
				GCC_WARN_ABOUT_RETURN_TYPE = YES_ERROR;
				GCC_WARN_UNDECLARED_SELECTOR = YES;
				GCC_WARN_UNINITIALIZED_AUTOS = YES_AGGRESSIVE;
				GCC_WARN_UNUSED_FUNCTION = YES;
				GCC_WARN_UNUSED_VARIABLE = YES;
				IPHONEOS_DEPLOYMENT_TARGET = 17.0;
				LOCALIZATION_PREFERS_STRING_CATALOGS = YES;
				MTL_ENABLE_DEBUG_INFO = INCLUDE_SOURCE;
				MTL_FAST_MATH = YES;
				ONLY_ACTIVE_ARCH = YES;
				SDKROOT = iphoneos;
				SWIFT_ACTIVE_COMPILATION_CONDITIONS = "DEBUG $(inherited)";
				SWIFT_OPTIMIZATION_LEVEL = "-Onone";
			};
			name = Debug;
		};
		80B6ED282D81191F0023B46E /* Release */ = {
			isa = XCBuildConfiguration;
			buildSettings = {
				ALWAYS_SEARCH_USER_PATHS = NO;
				ASSETCATALOG_COMPILER_GENERATE_SWIFT_ASSET_SYMBOL_EXTENSIONS = YES;
				CLANG_ANALYZER_NONNULL = YES;
				CLANG_ANALYZER_NUMBER_OBJECT_CONVERSION = YES_AGGRESSIVE;
				CLANG_CXX_LANGUAGE_STANDARD = "gnu++20";
				CLANG_ENABLE_MODULES = YES;
				CLANG_ENABLE_OBJC_ARC = YES;
				CLANG_ENABLE_OBJC_WEAK = YES;
				CLANG_WARN_BLOCK_CAPTURE_AUTORELEASING = YES;
				CLANG_WARN_BOOL_CONVERSION = YES;
				CLANG_WARN_COMMA = YES;
				CLANG_WARN_CONSTANT_CONVERSION = YES;
				CLANG_WARN_DEPRECATED_OBJC_IMPLEMENTATIONS = YES;
				CLANG_WARN_DIRECT_OBJC_ISA_USAGE = YES_ERROR;
				CLANG_WARN_DOCUMENTATION_COMMENTS = YES;
				CLANG_WARN_EMPTY_BODY = YES;
				CLANG_WARN_ENUM_CONVERSION = YES;
				CLANG_WARN_INFINITE_RECURSION = YES;
				CLANG_WARN_INT_CONVERSION = YES;
				CLANG_WARN_NON_LITERAL_NULL_CONVERSION = YES;
				CLANG_WARN_OBJC_IMPLICIT_RETAIN_SELF = YES;
				CLANG_WARN_OBJC_LITERAL_CONVERSION = YES;
				CLANG_WARN_OBJC_ROOT_CLASS = YES_ERROR;
				CLANG_WARN_QUOTED_INCLUDE_IN_FRAMEWORK_HEADER = YES;
				CLANG_WARN_RANGE_LOOP_ANALYSIS = YES;
				CLANG_WARN_STRICT_PROTOTYPES = YES;
				CLANG_WARN_SUSPICIOUS_MOVE = YES;
				CLANG_WARN_UNGUARDED_AVAILABILITY = YES_AGGRESSIVE;
				CLANG_WARN_UNREACHABLE_CODE = YES;
				CLANG_WARN__DUPLICATE_METHOD_MATCH = YES;
				COPY_PHASE_STRIP = NO;
				DEBUG_INFORMATION_FORMAT = "dwarf-with-dsym";
				ENABLE_NS_ASSERTIONS = NO;
				ENABLE_STRICT_OBJC_MSGSEND = YES;
				ENABLE_USER_SCRIPT_SANDBOXING = YES;
				GCC_C_LANGUAGE_STANDARD = gnu17;
				GCC_NO_COMMON_BLOCKS = YES;
				GCC_WARN_64_TO_32_BIT_CONVERSION = YES;
				GCC_WARN_ABOUT_RETURN_TYPE = YES_ERROR;
				GCC_WARN_UNDECLARED_SELECTOR = YES;
				GCC_WARN_UNINITIALIZED_AUTOS = YES_AGGRESSIVE;
				GCC_WARN_UNUSED_FUNCTION = YES;
				GCC_WARN_UNUSED_VARIABLE = YES;
				IPHONEOS_DEPLOYMENT_TARGET = 17.0;
				LOCALIZATION_PREFERS_STRING_CATALOGS = YES;
				MTL_ENABLE_DEBUG_INFO = NO;
				MTL_FAST_MATH = YES;
				SDKROOT = iphoneos;
				SWIFT_COMPILATION_MODE = wholemodule;
				VALIDATE_PRODUCT = YES;
			};
			name = Release;
		};
		80B6ED2A2D81191F0023B46E /* Debug */ = {
			isa = XCBuildConfiguration;
			buildSettings = {
				ASSETCATALOG_COMPILER_APPICON_NAME = AppIcon;
				ASSETCATALOG_COMPILER_GLOBAL_ACCENT_COLOR_NAME = AccentColor;
				CODE_SIGN_ENTITLEMENTS = LoginExample/LoginExample.entitlements;
				CODE_SIGN_STYLE = Automatic;
				CURRENT_PROJECT_VERSION = 1;
				DEVELOPMENT_ASSET_PATHS = "\"LoginExample/Preview Content\"";
				DEVELOPMENT_TEAM = 5PJLLP9AKM;
				ENABLE_PREVIEWS = YES;
				GENERATE_INFOPLIST_FILE = YES;
				INFOPLIST_FILE = LoginExample/Info.plist;
				INFOPLIST_KEY_UIApplicationSceneManifest_Generation = YES;
				INFOPLIST_KEY_UIApplicationSupportsIndirectInputEvents = YES;
				INFOPLIST_KEY_UILaunchScreen_Generation = YES;
				INFOPLIST_KEY_UISupportedInterfaceOrientations_iPad = "UIInterfaceOrientationPortrait UIInterfaceOrientationPortraitUpsideDown UIInterfaceOrientationLandscapeLeft UIInterfaceOrientationLandscapeRight";
				INFOPLIST_KEY_UISupportedInterfaceOrientations_iPhone = "UIInterfaceOrientationPortrait UIInterfaceOrientationLandscapeLeft UIInterfaceOrientationLandscapeRight";
				LD_RUNPATH_SEARCH_PATHS = (
					"$(inherited)",
					"@executable_path/Frameworks",
				);
				MARKETING_VERSION = 1.0;
				PRODUCT_BUNDLE_IDENTIFIER = NERVEPLUSInc.LoginExample;
				PRODUCT_NAME = "$(TARGET_NAME)";
				SWIFT_EMIT_LOC_STRINGS = YES;
				SWIFT_VERSION = 5.0;
				TARGETED_DEVICE_FAMILY = "1,2";
			};
			name = Debug;
		};
		80B6ED2B2D81191F0023B46E /* Release */ = {
			isa = XCBuildConfiguration;
			buildSettings = {
				ASSETCATALOG_COMPILER_APPICON_NAME = AppIcon;
				ASSETCATALOG_COMPILER_GLOBAL_ACCENT_COLOR_NAME = AccentColor;
				CODE_SIGN_ENTITLEMENTS = LoginExample/LoginExample.entitlements;
				CODE_SIGN_STYLE = Automatic;
				CURRENT_PROJECT_VERSION = 1;
				DEVELOPMENT_ASSET_PATHS = "\"LoginExample/Preview Content\"";
				DEVELOPMENT_TEAM = 5PJLLP9AKM;
				ENABLE_PREVIEWS = YES;
				GENERATE_INFOPLIST_FILE = YES;
				INFOPLIST_FILE = LoginExample/Info.plist;
				INFOPLIST_KEY_UIApplicationSceneManifest_Generation = YES;
				INFOPLIST_KEY_UIApplicationSupportsIndirectInputEvents = YES;
				INFOPLIST_KEY_UILaunchScreen_Generation = YES;
				INFOPLIST_KEY_UISupportedInterfaceOrientations_iPad = "UIInterfaceOrientationPortrait UIInterfaceOrientationPortraitUpsideDown UIInterfaceOrientationLandscapeLeft UIInterfaceOrientationLandscapeRight";
				INFOPLIST_KEY_UISupportedInterfaceOrientations_iPhone = "UIInterfaceOrientationPortrait UIInterfaceOrientationLandscapeLeft UIInterfaceOrientationLandscapeRight";
				LD_RUNPATH_SEARCH_PATHS = (
					"$(inherited)",
					"@executable_path/Frameworks",
				);
				MARKETING_VERSION = 1.0;
				PRODUCT_BUNDLE_IDENTIFIER = NERVEPLUSInc.LoginExample;
				PRODUCT_NAME = "$(TARGET_NAME)";
				SWIFT_EMIT_LOC_STRINGS = YES;
				SWIFT_VERSION = 5.0;
				TARGETED_DEVICE_FAMILY = "1,2";
			};
			name = Release;
		};
/* End XCBuildConfiguration section */

/* Begin XCConfigurationList section */
		80B6ED162D81191E0023B46E /* Build configuration list for PBXProject "LoginExample" */ = {
			isa = XCConfigurationList;
			buildConfigurations = (
				80B6ED272D81191F0023B46E /* Debug */,
				80B6ED282D81191F0023B46E /* Release */,
			);
			defaultConfigurationIsVisible = 0;
			defaultConfigurationName = Release;
		};
		80B6ED292D81191F0023B46E /* Build configuration list for PBXNativeTarget "LoginExample" */ = {
			isa = XCConfigurationList;
			buildConfigurations = (
				80B6ED2A2D81191F0023B46E /* Debug */,
				80B6ED2B2D81191F0023B46E /* Release */,
			);
			defaultConfigurationIsVisible = 0;
			defaultConfigurationName = Release;
		};
/* End XCConfigurationList section */

/* Begin XCRemoteSwiftPackageReference section */
		80B6ED382D820F2C0023B46E /* XCRemoteSwiftPackageReference "firebase-ios-sdk" */ = {
			isa = XCRemoteSwiftPackageReference;
			repositoryURL = "https://github.com/firebase/firebase-ios-sdk";
			requirement = {
				kind = upToNextMajorVersion;
				minimumVersion = 11.9.0;
			};
		};
		80B6ED522D8218CA0023B46E /* XCRemoteSwiftPackageReference "GoogleSignIn-iOS" */ = {
			isa = XCRemoteSwiftPackageReference;
			repositoryURL = "https://github.com/google/GoogleSignIn-iOS";
			requirement = {
				kind = upToNextMajorVersion;
				minimumVersion = 8.0.0;
			};
		};
/* End XCRemoteSwiftPackageReference section */

/* Begin XCSwiftPackageProductDependency section */
		80B6ED482D8216C20023B46E /* FirebaseAnalytics */ = {
			isa = XCSwiftPackageProductDependency;
			package = 80B6ED382D820F2C0023B46E /* XCRemoteSwiftPackageReference "firebase-ios-sdk" */;
			productName = FirebaseAnalytics;
		};
		80B6ED4A2D8216C20023B46E /* FirebaseAnalyticsOnDeviceConversion */ = {
			isa = XCSwiftPackageProductDependency;
			package = 80B6ED382D820F2C0023B46E /* XCRemoteSwiftPackageReference "firebase-ios-sdk" */;
			productName = FirebaseAnalyticsOnDeviceConversion;
		};
		80B6ED4C2D8216C20023B46E /* FirebaseAnalyticsWithoutAdIdSupport */ = {
			isa = XCSwiftPackageProductDependency;
			package = 80B6ED382D820F2C0023B46E /* XCRemoteSwiftPackageReference "firebase-ios-sdk" */;
			productName = FirebaseAnalyticsWithoutAdIdSupport;
		};
		80B6ED4E2D8216C20023B46E /* FirebaseAppCheck */ = {
			isa = XCSwiftPackageProductDependency;
			package = 80B6ED382D820F2C0023B46E /* XCRemoteSwiftPackageReference "firebase-ios-sdk" */;
			productName = FirebaseAppCheck;
		};
		80B6ED502D8216C20023B46E /* FirebaseAppDistribution-Beta */ = {
			isa = XCSwiftPackageProductDependency;
			package = 80B6ED382D820F2C0023B46E /* XCRemoteSwiftPackageReference "firebase-ios-sdk" */;
			productName = "FirebaseAppDistribution-Beta";
		};
		80B6ED532D8218CA0023B46E /* GoogleSignIn */ = {
			isa = XCSwiftPackageProductDependency;
			package = 80B6ED522D8218CA0023B46E /* XCRemoteSwiftPackageReference "GoogleSignIn-iOS" */;
			productName = GoogleSignIn;
		};
		80B6ED552D8218CA0023B46E /* GoogleSignInSwift */ = {
			isa = XCSwiftPackageProductDependency;
			package = 80B6ED522D8218CA0023B46E /* XCRemoteSwiftPackageReference "GoogleSignIn-iOS" */;
			productName = GoogleSignInSwift;
		};
		80B6ED572D8218D70023B46E /* FirebaseAuth */ = {
			isa = XCSwiftPackageProductDependency;
			package = 80B6ED382D820F2C0023B46E /* XCRemoteSwiftPackageReference "firebase-ios-sdk" */;
			productName = FirebaseAuth;
		};
/* End XCSwiftPackageProductDependency section */
	};
	rootObject = 80B6ED132D81191E0023B46E /* Project object */;
}
